// !$*UTF8*$!
{
	archiveVersion = 1;
	classes = {
	};
	objectVersion = 46;
	objects = {

/* Begin PBXBuildFile section */
		C9D780DF1A890A7800308216 /* main.m in Sources */ = {isa = PBXBuildFile; fileRef = C9D780DE1A890A7800308216 /* main.m */; };
		C9D780E21A890A7900308216 /* AppDelegate.m in Sources */ = {isa = PBXBuildFile; fileRef = C9D780E11A890A7900308216 /* AppDelegate.m */; };
		C9D780E51A890A7900308216 /* ViewController.m in Sources */ = {isa = PBXBuildFile; fileRef = C9D780E41A890A7900308216 /* ViewController.m */; };
		C9D780EA1A890A7900308216 /* Images.xcassets in Resources */ = {isa = PBXBuildFile; fileRef = C9D780E91A890A7900308216 /* Images.xcassets */; };
		C9D780ED1A890A7900308216 /* LaunchScreen.xib in Resources */ = {isa = PBXBuildFile; fileRef = C9D780EB1A890A7900308216 /* LaunchScreen.xib */; };
		C9D780F91A890A7900308216 /* IosPinTests.m in Sources */ = {isa = PBXBuildFile; fileRef = C9D780F81A890A7900308216 /* IosPinTests.m */; };
		C9D781031A890C6700308216 /* 640x1136.png in Resources */ = {isa = PBXBuildFile; fileRef = C9D781021A890C6700308216 /* 640x1136.png */; };
		C9D781061A890C7700308216 /* 750x1134.png in Resources */ = {isa = PBXBuildFile; fileRef = C9D781041A890C7700308216 /* 750x1134.png */; };
		C9D781071A890C7700308216 /* Default.png in Resources */ = {isa = PBXBuildFile; fileRef = C9D781051A890C7700308216 /* Default.png */; };
		C9D7810A1A89298400308216 /* ViewController2.m in Sources */ = {isa = PBXBuildFile; fileRef = C9D781091A89298400308216 /* ViewController2.m */; };
/* End PBXBuildFile section */

/* Begin PBXContainerItemProxy section */
		C9D780F31A890A7900308216 /* PBXContainerItemProxy */ = {
			isa = PBXContainerItemProxy;
			containerPortal = C9D780D11A890A7800308216 /* Project object */;
			proxyType = 1;
			remoteGlobalIDString = C9D780D81A890A7800308216;
			remoteInfo = IosPin;
		};
/* End PBXContainerItemProxy section */

/* Begin PBXFileReference section */
		C9D780D91A890A7800308216 /* IosPin.app */ = {isa = PBXFileReference; explicitFileType = wrapper.application; includeInIndex = 0; path = IosPin.app; sourceTree = BUILT_PRODUCTS_DIR; };
		C9D780DD1A890A7800308216 /* Info.plist */ = {isa = PBXFileReference; lastKnownFileType = text.plist.xml; path = Info.plist; sourceTree = "<group>"; };
		C9D780DE1A890A7800308216 /* main.m */ = {isa = PBXFileReference; lastKnownFileType = sourcecode.c.objc; path = main.m; sourceTree = "<group>"; };
		C9D780E01A890A7900308216 /* AppDelegate.h */ = {isa = PBXFileReference; lastKnownFileType = sourcecode.c.h; path = AppDelegate.h; sourceTree = "<group>"; };
		C9D780E11A890A7900308216 /* AppDelegate.m */ = {isa = PBXFileReference; lastKnownFileType = sourcecode.c.objc; path = AppDelegate.m; sourceTree = "<group>"; };
		C9D780E31A890A7900308216 /* ViewController.h */ = {isa = PBXFileReference; lastKnownFileType = sourcecode.c.h; path = ViewController.h; sourceTree = "<group>"; };
		C9D780E41A890A7900308216 /* ViewController.m */ = {isa = PBXFileReference; lastKnownFileType = sourcecode.c.objc; path = ViewController.m; sourceTree = "<group>"; };
		C9D780E91A890A7900308216 /* Images.xcassets */ = {isa = PBXFileReference; lastKnownFileType = folder.assetcatalog; path = Images.xcassets; sourceTree = "<group>"; };
		C9D780EC1A890A7900308216 /* Base */ = {isa = PBXFileReference; lastKnownFileType = file.xib; name = Base; path = Base.lproj/LaunchScreen.xib; sourceTree = "<group>"; };
		C9D780F21A890A7900308216 /* IosPinTests.xctest */ = {isa = PBXFileReference; explicitFileType = wrapper.cfbundle; includeInIndex = 0; path = IosPinTests.xctest; sourceTree = BUILT_PRODUCTS_DIR; };
		C9D780F71A890A7900308216 /* Info.plist */ = {isa = PBXFileReference; lastKnownFileType = text.plist.xml; path = Info.plist; sourceTree = "<group>"; };
		C9D780F81A890A7900308216 /* IosPinTests.m */ = {isa = PBXFileReference; lastKnownFileType = sourcecode.c.objc; path = IosPinTests.m; sourceTree = "<group>"; };
		C9D781021A890C6700308216 /* 640x1136.png */ = {isa = PBXFileReference; lastKnownFileType = image.png; path = 640x1136.png; sourceTree = "<group>"; };
		C9D781041A890C7700308216 /* 750x1134.png */ = {isa = PBXFileReference; lastKnownFileType = image.png; path = 750x1134.png; sourceTree = "<group>"; };
		C9D781051A890C7700308216 /* Default.png */ = {isa = PBXFileReference; lastKnownFileType = image.png; path = Default.png; sourceTree = "<group>"; };
		C9D781091A89298400308216 /* ViewController2.m */ = {isa = PBXFileReference; fileEncoding = 4; lastKnownFileType = sourcecode.c.objc; path = ViewController2.m; sourceTree = "<group>"; };
/* End PBXFileReference section */

/* Begin PBXFrameworksBuildPhase section */
		C9D780D61A890A7800308216 /* Frameworks */ = {
			isa = PBXFrameworksBuildPhase;
			buildActionMask = 2147483647;
			files = (
			);
			runOnlyForDeploymentPostprocessing = 0;
		};
		C9D780EF1A890A7900308216 /* Frameworks */ = {
			isa = PBXFrameworksBuildPhase;
			buildActionMask = 2147483647;
			files = (
			);
			runOnlyForDeploymentPostprocessing = 0;
		};
/* End PBXFrameworksBuildPhase section */

/* Begin PBXGroup section */
		C9D780D01A890A7800308216 = {
			isa = PBXGroup;
			children = (
				C9D780DB1A890A7800308216 /* IosPin */,
				C9D780F51A890A7900308216 /* IosPinTests */,
				C9D780DA1A890A7800308216 /* Products */,
			);
			sourceTree = "<group>";
		};
		C9D780DA1A890A7800308216 /* Products */ = {
			isa = PBXGroup;
			children = (
				C9D780D91A890A7800308216 /* IosPin.app */,
				C9D780F21A890A7900308216 /* IosPinTests.xctest */,
			);
			name = Products;
			sourceTree = "<group>";
		};
		C9D780DB1A890A7800308216 /* IosPin */ = {
			isa = PBXGroup;
			children = (
				C9D780E01A890A7900308216 /* AppDelegate.h */,
				C9D781021A890C6700308216 /* 640x1136.png */,
				C9D780E11A890A7900308216 /* AppDelegate.m */,
				C9D780E31A890A7900308216 /* ViewController.h */,
				C9D781041A890C7700308216 /* 750x1134.png */,
				C9D781051A890C7700308216 /* Default.png */,
				C9D780E41A890A7900308216 /* ViewController.m */,
				C9D781091A89298400308216 /* ViewController2.m */,
				C9D780E91A890A7900308216 /* Images.xcassets */,
				C9D780EB1A890A7900308216 /* LaunchScreen.xib */,
				C9D780DC1A890A7800308216 /* Supporting Files */,
			);
			path = IosPin;
			sourceTree = "<group>";
		};
		C9D780DC1A890A7800308216 /* Supporting Files */ = {
			isa = PBXGroup;
			children = (
				C9D780DD1A890A7800308216 /* Info.plist */,
				C9D780DE1A890A7800308216 /* main.m */,
			);
			name = "Supporting Files";
			sourceTree = "<group>";
		};
		C9D780F51A890A7900308216 /* IosPinTests */ = {
			isa = PBXGroup;
			children = (
				C9D780F81A890A7900308216 /* IosPinTests.m */,
				C9D780F61A890A7900308216 /* Supporting Files */,
			);
			path = IosPinTests;
			sourceTree = "<group>";
		};
		C9D780F61A890A7900308216 /* Supporting Files */ = {
			isa = PBXGroup;
			children = (
				C9D780F71A890A7900308216 /* Info.plist */,
			);
			name = "Supporting Files";
			sourceTree = "<group>";
		};
/* End PBXGroup section */

/* Begin PBXNativeTarget section */
		C9D780D81A890A7800308216 /* IosPin */ = {
			isa = PBXNativeTarget;
			buildConfigurationList = C9D780FC1A890A7900308216 /* Build configuration list for PBXNativeTarget "IosPin" */;
			buildPhases = (
				C9D780D51A890A7800308216 /* Sources */,
				C9D780D61A890A7800308216 /* Frameworks */,
				C9D780D71A890A7800308216 /* Resources */,
			);
			buildRules = (
			);
			dependencies = (
			);
			name = IosPin;
			productName = IosPin;
			productReference = C9D780D91A890A7800308216 /* IosPin.app */;
			productType = "com.apple.product-type.application";
		};
		C9D780F11A890A7900308216 /* IosPinTests */ = {
			isa = PBXNativeTarget;
			buildConfigurationList = C9D780FF1A890A7900308216 /* Build configuration list for PBXNativeTarget "IosPinTests" */;
			buildPhases = (
				C9D780EE1A890A7900308216 /* Sources */,
				C9D780EF1A890A7900308216 /* Frameworks */,
				C9D780F01A890A7900308216 /* Resources */,
			);
			buildRules = (
			);
			dependencies = (
				C9D780F41A890A7900308216 /* PBXTargetDependency */,
			);
			name = IosPinTests;
			productName = IosPinTests;
			productReference = C9D780F21A890A7900308216 /* IosPinTests.xctest */;
			productType = "com.apple.product-type.bundle.unit-test";
		};
/* End PBXNativeTarget section */

/* Begin PBXProject section */
		C9D780D11A890A7800308216 /* Project object */ = {
			isa = PBXProject;
			attributes = {
				LastUpgradeCheck = 0610;
				ORGANIZATIONNAME = "Roshan Lamichhane";
				TargetAttributes = {
					C9D780D81A890A7800308216 = {
						CreatedOnToolsVersion = 6.1.1;
					};
					C9D780F11A890A7900308216 = {
						CreatedOnToolsVersion = 6.1.1;
						TestTargetID = C9D780D81A890A7800308216;
					};
				};
			};
			buildConfigurationList = C9D780D41A890A7800308216 /* Build configuration list for PBXProject "IosPin" */;
			compatibilityVersion = "Xcode 3.2";
			developmentRegion = English;
			hasScannedForEncodings = 0;
			knownRegions = (
				en,
				Base,
			);
			mainGroup = C9D780D01A890A7800308216;
			productRefGroup = C9D780DA1A890A7800308216 /* Products */;
			projectDirPath = "";
			projectRoot = "";
			targets = (
				C9D780D81A890A7800308216 /* IosPin */,
				C9D780F11A890A7900308216 /* IosPinTests */,
			);
		};
/* End PBXProject section */

/* Begin PBXResourcesBuildPhase section */
		C9D780D71A890A7800308216 /* Resources */ = {
			isa = PBXResourcesBuildPhase;
			buildActionMask = 2147483647;
			files = (
				C9D781031A890C6700308216 /* 640x1136.png in Resources */,
				C9D781071A890C7700308216 /* Default.png in Resources */,
				C9D780ED1A890A7900308216 /* LaunchScreen.xib in Resources */,
				C9D780EA1A890A7900308216 /* Images.xcassets in Resources */,
				C9D781061A890C7700308216 /* 750x1134.png in Resources */,
			);
			runOnlyForDeploymentPostprocessing = 0;
		};
		C9D780F01A890A7900308216 /* Resources */ = {
			isa = PBXResourcesBuildPhase;
			buildActionMask = 2147483647;
			files = (
			);
			runOnlyForDeploymentPostprocessing = 0;
		};
/* End PBXResourcesBuildPhase section */

/* Begin PBXSourcesBuildPhase section */
		C9D780D51A890A7800308216 /* Sources */ = {
			isa = PBXSourcesBuildPhase;
			buildActionMask = 2147483647;
			files = (
				C9D780E51A890A7900308216 /* ViewController.m in Sources */,
				C9D7810A1A89298400308216 /* ViewController2.m in Sources */,
				C9D780E21A890A7900308216 /* AppDelegate.m in Sources */,
				C9D780DF1A890A7800308216 /* main.m in Sources */,
			);
			runOnlyForDeploymentPostprocessing = 0;
		};
		C9D780EE1A890A7900308216 /* Sources */ = {
			isa = PBXSourcesBuildPhase;
			buildActionMask = 2147483647;
			files = (
				C9D780F91A890A7900308216 /* IosPinTests.m in Sources */,
			);
			runOnlyForDeploymentPostprocessing = 0;
		};
/* End PBXSourcesBuildPhase section */

/* Begin PBXTargetDependency section */
		C9D780F41A890A7900308216 /* PBXTargetDependency */ = {
			isa = PBXTargetDependency;
			target = C9D780D81A890A7800308216 /* IosPin */;
			targetProxy = C9D780F31A890A7900308216 /* PBXContainerItemProxy */;
		};
/* End PBXTargetDependency section */

/* Begin PBXVariantGroup section */
		C9D780EB1A890A7900308216 /* LaunchScreen.xib */ = {
			isa = PBXVariantGroup;
			children = (
				C9D780EC1A890A7900308216 /* Base */,
			);
			name = LaunchScreen.xib;
			sourceTree = "<group>";
		};
/* End PBXVariantGroup section */

/* Begin XCBuildConfiguration section */
		C9D780FA1A890A7900308216 /* Debug */ = {
			isa = XCBuildConfiguration;
			buildSettings = {
				ALWAYS_SEARCH_USER_PATHS = NO;
				CLANG_CXX_LANGUAGE_STANDARD = "gnu++0x";
				CLANG_CXX_LIBRARY = "libc++";
				CLANG_ENABLE_MODULES = YES;
				CLANG_ENABLE_OBJC_ARC = YES;
				CLANG_WARN_BOOL_CONVERSION = YES;
				CLANG_WARN_CONSTANT_CONVERSION = YES;
				CLANG_WARN_DIRECT_OBJC_ISA_USAGE = YES_ERROR;
				CLANG_WARN_EMPTY_BODY = YES;
				CLANG_WARN_ENUM_CONVERSION = YES;
				CLANG_WARN_INT_CONVERSION = YES;
				CLANG_WARN_OBJC_ROOT_CLASS = YES_ERROR;
				CLANG_WARN_UNREACHABLE_CODE = YES;
				CLANG_WARN__DUPLICATE_METHOD_MATCH = YES;
				"CODE_SIGN_IDENTITY[sdk=iphoneos*]" = "iPhone Developer";
				COPY_PHASE_STRIP = NO;
				ENABLE_STRICT_OBJC_MSGSEND = YES;
				GCC_C_LANGUAGE_STANDARD = gnu99;
				GCC_DYNAMIC_NO_PIC = NO;
				GCC_OPTIMIZATION_LEVEL = 0;
				GCC_PREPROCESSOR_DEFINITIONS = (
					"DEBUG=1",
					"$(inherited)",
				);
				GCC_SYMBOLS_PRIVATE_EXTERN = NO;
				GCC_WARN_64_TO_32_BIT_CONVERSION = YES;
				GCC_WARN_ABOUT_RETURN_TYPE = YES_ERROR;
				GCC_WARN_UNDECLARED_SELECTOR = YES;
				GCC_WARN_UNINITIALIZED_AUTOS = YES_AGGRESSIVE;
				GCC_WARN_UNUSED_FUNCTION = YES;
				GCC_WARN_UNUSED_VARIABLE = YES;
				IPHONEOS_DEPLOYMENT_TARGET = 8.1;
				MTL_ENABLE_DEBUG_INFO = YES;
				ONLY_ACTIVE_ARCH = YES;
				SDKROOT = iphoneos;
			};
			name = Debug;
		};
		C9D780FB1A890A7900308216 /* Release */ = {
			isa = XCBuildConfiguration;
			buildSettings = {
				ALWAYS_SEARCH_USER_PATHS = NO;
				CLANG_CXX_LANGUAGE_STANDARD = "gnu++0x";
				CLANG_CXX_LIBRARY = "libc++";
				CLANG_ENABLE_MODULES = YES;
				CLANG_ENABLE_OBJC_ARC = YES;
				CLANG_WARN_BOOL_CONVERSION = YES;
				CLANG_WARN_CONSTANT_CONVERSION = YES;
				CLANG_WARN_DIRECT_OBJC_ISA_USAGE = YES_ERROR;
				CLANG_WARN_EMPTY_BODY = YES;
				CLANG_WARN_ENUM_CONVERSION = YES;
				CLANG_WARN_INT_CONVERSION = YES;
				CLANG_WARN_OBJC_ROOT_CLASS = YES_ERROR;
				CLANG_WARN_UNREACHABLE_CODE = YES;
				CLANG_WARN__DUPLICATE_METHOD_MATCH = YES;
				"CODE_SIGN_IDENTITY[sdk=iphoneos*]" = "iPhone Developer";
				COPY_PHASE_STRIP = YES;
				ENABLE_NS_ASSERTIONS = NO;
				ENABLE_STRICT_OBJC_MSGSEND = YES;
				GCC_C_LANGUAGE_STANDARD = gnu99;
				GCC_WARN_64_TO_32_BIT_CONVERSION = YES;
				GCC_WARN_ABOUT_RETURN_TYPE = YES_ERROR;
				GCC_WARN_UNDECLARED_SELECTOR = YES;
				GCC_WARN_UNINITIALIZED_AUTOS = YES_AGGRESSIVE;
				GCC_WARN_UNUSED_FUNCTION = YES;
				GCC_WARN_UNUSED_VARIABLE = YES;
				IPHONEOS_DEPLOYMENT_TARGET = 8.1;
				MTL_ENABLE_DEBUG_INFO = NO;
				SDKROOT = iphoneos;
				VALIDATE_PRODUCT = YES;
			};
			name = Release;
		};
		C9D780FD1A890A7900308216 /* Debug */ = {
			isa = XCBuildConfiguration;
			buildSettings = {
				ASSETCATALOG_COMPILER_APPICON_NAME = AppIcon;
				INFOPLIST_FILE = IosPin/Info.plist;
				LD_RUNPATH_SEARCH_PATHS = "$(inherited) @executable_path/Frameworks";
				PRODUCT_NAME = "$(TARGET_NAME)";
			};
			name = Debug;
		};
		C9D780FE1A890A7900308216 /* Release */ = {
			isa = XCBuildConfiguration;
			buildSettings = {
				ASSETCATALOG_COMPILER_APPICON_NAME = AppIcon;
				INFOPLIST_FILE = IosPin/Info.plist;
				LD_RUNPATH_SEARCH_PATHS = "$(inherited) @executable_path/Frameworks";
				PRODUCT_NAME = "$(TARGET_NAME)";
			};
			name = Release;
		};
		C9D781001A890A7900308216 /* Debug */ = {
			isa = XCBuildConfiguration;
			buildSettings = {
				BUNDLE_LOADER = "$(TEST_HOST)";
				FRAMEWORK_SEARCH_PATHS = (
					"$(SDKROOT)/Developer/Library/Frameworks",
					"$(inherited)",
				);
				GCC_PREPROCESSOR_DEFINITIONS = (
					"DEBUG=1",
					"$(inherited)",
				);
				INFOPLIST_FILE = IosPinTests/Info.plist;
				LD_RUNPATH_SEARCH_PATHS = "$(inherited) @executable_path/Frameworks @loader_path/Frameworks";
				PRODUCT_NAME = "$(TARGET_NAME)";
				TEST_HOST = "$(BUILT_PRODUCTS_DIR)/IosPin.app/IosPin";
			};
			name = Debug;
		};
		C9D781011A890A7900308216 /* Release */ = {
			isa = XCBuildConfiguration;
			buildSettings = {
				BUNDLE_LOADER = "$(TEST_HOST)";
				FRAMEWORK_SEARCH_PATHS = (
					"$(SDKROOT)/Developer/Library/Frameworks",
					"$(inherited)",
				);
				INFOPLIST_FILE = IosPinTests/Info.plist;
				LD_RUNPATH_SEARCH_PATHS = "$(inherited) @executable_path/Frameworks @loader_path/Frameworks";
				PRODUCT_NAME = "$(TARGET_NAME)";
				TEST_HOST = "$(BUILT_PRODUCTS_DIR)/IosPin.app/IosPin";
			};
			name = Release;
		};
/* End XCBuildConfiguration section */

/* Begin XCConfigurationList section */
		C9D780D41A890A7800308216 /* Build configuration list for PBXProject "IosPin" */ = {
			isa = XCConfigurationList;
			buildConfigurations = (
				C9D780FA1A890A7900308216 /* Debug */,
				C9D780FB1A890A7900308216 /* Release */,
			);
			defaultConfigurationIsVisible = 0;
			defaultConfigurationName = Release;
		};
		C9D780FC1A890A7900308216 /* Build configuration list for PBXNativeTarget "IosPin" */ = {
			isa = XCConfigurationList;
			buildConfigurations = (
				C9D780FD1A890A7900308216 /* Debug */,
				C9D780FE1A890A7900308216 /* Release */,
			);
			defaultConfigurationIsVisible = 0;
		};
		C9D780FF1A890A7900308216 /* Build configuration list for PBXNativeTarget "IosPinTests" */ = {
			isa = XCConfigurationList;
			buildConfigurations = (
				C9D781001A890A7900308216 /* Debug */,
				C9D781011A890A7900308216 /* Release */,
			);
			defaultConfigurationIsVisible = 0;
		};
/* End XCConfigurationList section */
	};
	rootObject = C9D780D11A890A7800308216 /* Project object */;
}
